
Microsoft Visual Studio Solution File, Format Version 11.00
# Visual Studio 2010
Project("{FAE04EC0-301F-11D3-BF4B-00C04F79EFBC}") = "NAudio", "NAudio.csproj", "{AC90D86E-C55A-B26E-B73A-0ED4B4400EBF}"
EndProject
Project("{FAE04EC0-301F-11D3-BF4B-00C04F79EFBC}") = "VRMShaders.VRM10.MToon10.Runtime", "VRMShaders.VRM10.MToon10.Runtime.csproj", "{05A5B3C4-91FE-B975-EC6F-0EF7CADC443D}"
EndProject
Project("{FAE04EC0-301F-11D3-BF4B-00C04F79EFBC}") = "UniGLTF", "UniGLTF.csproj", "{DA033E3F-5984-01E2-FDBE-2FB794A811A6}"
EndProject
Project("{FAE04EC0-301F-11D3-BF4B-00C04F79EFBC}") = "VCI", "VCI.csproj", "{28E93B89-FB29-7DAD-4070-CA3B9A46F3DB}"
EndProject
Project("{FAE04EC0-301F-11D3-BF4B-00C04F79EFBC}") = "VRM", "VRM.csproj", "{9B824382-7EA2-8B34-F27B-2E55048671AE}"
EndProject
Project("{FAE04EC0-301F-11D3-BF4B-00C04F79EFBC}") = "Effekseer", "Effekseer.csproj", "{7C20A26B-460F-6938-B721-D8CA472F7011}"
EndProject
Project("{FAE04EC0-301F-11D3-BF4B-00C04F79EFBC}") = "FastSpringBone", "FastSpringBone.csproj", "{F5FD3A7E-2DE4-41DE-E913-47742BE68DDC}"
EndProject
Project("{FAE04EC0-301F-11D3-BF4B-00C04F79EFBC}") = "VRMShaders.GLTF.IO.Runtime", "VRMShaders.GLTF.IO.Runtime.csproj", "{92D55B9D-5147-BF01-C0D9-F230C6A5767E}"
EndProject
Project("{FAE04EC0-301F-11D3-BF4B-00C04F79EFBC}") = "MToon", "MToon.csproj", "{393E13D3-A8F0-1085-E3F5-2E46E2F78C02}"
EndProject
Project("{FAE04EC0-301F-11D3-BF4B-00C04F79EFBC}") = "UniHumanoid", "UniHumanoid.csproj", "{072AA0CF-5C40-287C-9019-3F1EB71E7616}"
EndProject
Project("{FAE04EC0-301F-11D3-BF4B-00C04F79EFBC}") = "EffekseerEditor", "EffekseerEditor.csproj", "{FF6823AB-3D6A-F11C-C62C-DD78F66EA787}"
EndProject
Project("{FAE04EC0-301F-11D3-BF4B-00C04F79EFBC}") = "VRMShaders.GLTF.UniUnlit.Runtime", "VRMShaders.GLTF.UniUnlit.Runtime.csproj", "{5017B9C4-CF55-0F41-6734-3C413753B4C7}"
EndProject
Project("{FAE04EC0-301F-11D3-BF4B-00C04F79EFBC}") = "EffekseerAssemblyDefinition", "EffekseerAssemblyDefinition.csproj", "{DD438812-5328-92AB-8BAD-9867508E69BE}"
EndProject
Project("{FAE04EC0-301F-11D3-BF4B-00C04F79EFBC}") = "VRMShaders.VRM.IO.Runtime", "VRMShaders.VRM.IO.Runtime.csproj", "{7EB8E77A-955D-403C-E2AC-8D0008E5099C}"
EndProject
Project("{FAE04EC0-301F-11D3-BF4B-00C04F79EFBC}") = "Assembly-CSharp", "Assembly-CSharp.csproj", "{12239859-39D3-E6A3-4212-D083382B1D4B}"
EndProject
Project("{FAE04EC0-301F-11D3-BF4B-00C04F79EFBC}") = "UniVCI.Samples", "UniVCI.Samples.csproj", "{2061DFAC-4D42-F7EA-BA4F-06CBA7BAFDEA}"
EndProject
Project("{FAE04EC0-301F-11D3-BF4B-00C04F79EFBC}") = "UniGLTF.Samples.ScreenSpace", "UniGLTF.Samples.ScreenSpace.csproj", "{10452C45-CC50-B375-4B29-0F7823B13878}"
EndProject
Project("{FAE04EC0-301F-11D3-BF4B-00C04F79EFBC}") = "VRMShaders.VRM10.Format.Runtime", "VRMShaders.VRM10.Format.Runtime.csproj", "{AD5CD66D-3A6E-E236-D1BF-81DA3EDF81E2}"
EndProject
Project("{FAE04EC0-301F-11D3-BF4B-00C04F79EFBC}") = "VRMShaders.VRM10.MToon10.Editor", "VRMShaders.VRM10.MToon10.Editor.csproj", "{0B754507-0AE5-8BF6-19C0-6042FB0CB5B4}"
EndProject
Project("{FAE04EC0-301F-11D3-BF4B-00C04F79EFBC}") = "UniVRM.Editor", "UniVRM.Editor.csproj", "{9D4D3AC1-FEF0-2167-B0FF-D8CC7D923C2B}"
EndProject
Project("{FAE04EC0-301F-11D3-BF4B-00C04F79EFBC}") = "UniGLTF.Editor", "UniGLTF.Editor.csproj", "{6B3338F8-2F18-BFFD-5887-8420DEB26341}"
EndProject
Project("{FAE04EC0-301F-11D3-BF4B-00C04F79EFBC}") = "UniVCI.Editor", "UniVCI.Editor.csproj", "{1E876206-7B44-20A9-64FF-C680E35E287A}"
EndProject
Project("{FAE04EC0-301F-11D3-BF4B-00C04F79EFBC}") = "UniGLTF.Tests", "UniGLTF.Tests.csproj", "{D17EC8F2-F6F9-E80C-BFDA-ED0925EF5CAB}"
EndProject
Project("{FAE04EC0-301F-11D3-BF4B-00C04F79EFBC}") = "VRM.Tests", "VRM.Tests.csproj", "{2E932090-F7B0-1C66-7399-20F54561A7F9}"
EndProject
Project("{FAE04EC0-301F-11D3-BF4B-00C04F79EFBC}") = "UniHumanoid.Editor", "UniHumanoid.Editor.csproj", "{47BF917E-D101-CF81-E7CB-EBABFC4126DE}"
EndProject
Project("{FAE04EC0-301F-11D3-BF4B-00C04F79EFBC}") = "VRMShaders.GLTF.IO.Tests", "VRMShaders.GLTF.IO.Tests.csproj", "{E015CF27-7537-FBFC-FD30-ED86D96C0892}"
EndProject
Project("{FAE04EC0-301F-11D3-BF4B-00C04F79EFBC}") = "VRMShaders.GLTF.UniUnlit.Editor", "VRMShaders.GLTF.UniUnlit.Editor.csproj", "{AEED924D-6897-CB6B-1D46-4C078D719E85}"
EndProject
Project("{FAE04EC0-301F-11D3-BF4B-00C04F79EFBC}") = "VRMShaders.GLTF.IO.Editor", "VRMShaders.GLTF.IO.Editor.csproj", "{5679214B-50F0-4975-EAFB-E45A7D074033}"
EndProject
Project("{FAE04EC0-301F-11D3-BF4B-00C04F79EFBC}") = "UniVCI.Editor.Test", "UniVCI.Editor.Test.csproj", "{B7ED5D6C-BB10-5F03-06B6-D46822404089}"
EndProject
Project("{FAE04EC0-301F-11D3-BF4B-00C04F79EFBC}") = "VRMShaders.VRM10.MToon10.Tests", "VRMShaders.VRM10.MToon10.Tests.csproj", "{0C7B243F-898E-E71A-122E-3A9491D3A612}"
EndProject
Project("{FAE04EC0-301F-11D3-BF4B-00C04F79EFBC}") = "VRM.Samples.Editor.Tests", "VRM.Samples.Editor.Tests.csproj", "{588A7261-8607-FBA5-70FF-174B8211ECAF}"
EndProject
Project("{FAE04EC0-301F-11D3-BF4B-00C04F79EFBC}") = "VRMShaders.VRM.IO.Editor", "VRMShaders.VRM.IO.Editor.csproj", "{BDB49512-D4D3-735A-AE89-825A80CDEE47}"
EndProject
Project("{FAE04EC0-301F-11D3-BF4B-00C04F79EFBC}") = "MToon.Editor", "MToon.Editor.csproj", "{8EC0AC30-BE2B-EB0B-4540-7D8FCB4C6816}"
EndProject
Project("{FAE04EC0-301F-11D3-BF4B-00C04F79EFBC}") = "UniHumanoid.Editor.Tests", "UniHumanoid.Editor.Tests.csproj", "{898B1484-DFC2-F7E3-FA04-F64495E6EE40}"
EndProject
Global
	GlobalSection(SolutionConfigurationPlatforms) = preSolution
		Debug|Any CPU = Debug|Any CPU
		Release|Any CPU = Release|Any CPU
	EndGlobalSection
	GlobalSection(ProjectConfigurationPlatforms) = postSolution
		{AC90D86E-C55A-B26E-B73A-0ED4B4400EBF}.Debug|Any CPU.ActiveCfg = Debug|Any CPU
		{AC90D86E-C55A-B26E-B73A-0ED4B4400EBF}.Debug|Any CPU.Build.0 = Debug|Any CPU
		{AC90D86E-C55A-B26E-B73A-0ED4B4400EBF}.Release|Any CPU.ActiveCfg = Release|Any CPU
		{AC90D86E-C55A-B26E-B73A-0ED4B4400EBF}.Release|Any CPU.Build.0 = Release|Any CPU
		{05A5B3C4-91FE-B975-EC6F-0EF7CADC443D}.Debug|Any CPU.ActiveCfg = Debug|Any CPU
		{05A5B3C4-91FE-B975-EC6F-0EF7CADC443D}.Debug|Any CPU.Build.0 = Debug|Any CPU
		{05A5B3C4-91FE-B975-EC6F-0EF7CADC443D}.Release|Any CPU.ActiveCfg = Release|Any CPU
		{05A5B3C4-91FE-B975-EC6F-0EF7CADC443D}.Release|Any CPU.Build.0 = Release|Any CPU
		{DA033E3F-5984-01E2-FDBE-2FB794A811A6}.Debug|Any CPU.ActiveCfg = Debug|Any CPU
		{DA033E3F-5984-01E2-FDBE-2FB794A811A6}.Debug|Any CPU.Build.0 = Debug|Any CPU
		{DA033E3F-5984-01E2-FDBE-2FB794A811A6}.Release|Any CPU.ActiveCfg = Release|Any CPU
		{DA033E3F-5984-01E2-FDBE-2FB794A811A6}.Release|Any CPU.Build.0 = Release|Any CPU
		{28E93B89-FB29-7DAD-4070-CA3B9A46F3DB}.Debug|Any CPU.ActiveCfg = Debug|Any CPU
		{28E93B89-FB29-7DAD-4070-CA3B9A46F3DB}.Debug|Any CPU.Build.0 = Debug|Any CPU
		{28E93B89-FB29-7DAD-4070-CA3B9A46F3DB}.Release|Any CPU.ActiveCfg = Release|Any CPU
		{28E93B89-FB29-7DAD-4070-CA3B9A46F3DB}.Release|Any CPU.Build.0 = Release|Any CPU
		{9B824382-7EA2-8B34-F27B-2E55048671AE}.Debug|Any CPU.ActiveCfg = Debug|Any CPU
		{9B824382-7EA2-8B34-F27B-2E55048671AE}.Debug|Any CPU.Build.0 = Debug|Any CPU
		{9B824382-7EA2-8B34-F27B-2E55048671AE}.Release|Any CPU.ActiveCfg = Release|Any CPU
		{9B824382-7EA2-8B34-F27B-2E55048671AE}.Release|Any CPU.Build.0 = Release|Any CPU
		{7C20A26B-460F-6938-B721-D8CA472F7011}.Debug|Any CPU.ActiveCfg = Debug|Any CPU
		{7C20A26B-460F-6938-B721-D8CA472F7011}.Debug|Any CPU.Build.0 = Debug|Any CPU
		{7C20A26B-460F-6938-B721-D8CA472F7011}.Release|Any CPU.ActiveCfg = Release|Any CPU
		{7C20A26B-460F-6938-B721-D8CA472F7011}.Release|Any CPU.Build.0 = Release|Any CPU
		{F5FD3A7E-2DE4-41DE-E913-47742BE68DDC}.Debug|Any CPU.ActiveCfg = Debug|Any CPU
		{F5FD3A7E-2DE4-41DE-E913-47742BE68DDC}.Debug|Any CPU.Build.0 = Debug|Any CPU
		{F5FD3A7E-2DE4-41DE-E913-47742BE68DDC}.Release|Any CPU.ActiveCfg = Release|Any CPU
		{F5FD3A7E-2DE4-41DE-E913-47742BE68DDC}.Release|Any CPU.Build.0 = Release|Any CPU
		{92D55B9D-5147-BF01-C0D9-F230C6A5767E}.Debug|Any CPU.ActiveCfg = Debug|Any CPU
		{92D55B9D-5147-BF01-C0D9-F230C6A5767E}.Debug|Any CPU.Build.0 = Debug|Any CPU
		{92D55B9D-5147-BF01-C0D9-F230C6A5767E}.Release|Any CPU.ActiveCfg = Release|Any CPU
		{92D55B9D-5147-BF01-C0D9-F230C6A5767E}.Release|Any CPU.Build.0 = Release|Any CPU
		{393E13D3-A8F0-1085-E3F5-2E46E2F78C02}.Debug|Any CPU.ActiveCfg = Debug|Any CPU
		{393E13D3-A8F0-1085-E3F5-2E46E2F78C02}.Debug|Any CPU.Build.0 = Debug|Any CPU
		{393E13D3-A8F0-1085-E3F5-2E46E2F78C02}.Release|Any CPU.ActiveCfg = Release|Any CPU
		{393E13D3-A8F0-1085-E3F5-2E46E2F78C02}.Release|Any CPU.Build.0 = Release|Any CPU
		{072AA0CF-5C40-287C-9019-3F1EB71E7616}.Debug|Any CPU.ActiveCfg = Debug|Any CPU
		{072AA0CF-5C40-287C-9019-3F1EB71E7616}.Debug|Any CPU.Build.0 = Debug|Any CPU
		{072AA0CF-5C40-287C-9019-3F1EB71E7616}.Release|Any CPU.ActiveCfg = Release|Any CPU
		{072AA0CF-5C40-287C-9019-3F1EB71E7616}.Release|Any CPU.Build.0 = Release|Any CPU
		{FF6823AB-3D6A-F11C-C62C-DD78F66EA787}.Debug|Any CPU.ActiveCfg = Debug|Any CPU
		{FF6823AB-3D6A-F11C-C62C-DD78F66EA787}.Debug|Any CPU.Build.0 = Debug|Any CPU
		{FF6823AB-3D6A-F11C-C62C-DD78F66EA787}.Release|Any CPU.ActiveCfg = Release|Any CPU
		{FF6823AB-3D6A-F11C-C62C-DD78F66EA787}.Release|Any CPU.Build.0 = Release|Any CPU
		{5017B9C4-CF55-0F41-6734-3C413753B4C7}.Debug|Any CPU.ActiveCfg = Debug|Any CPU
		{5017B9C4-CF55-0F41-6734-3C413753B4C7}.Debug|Any CPU.Build.0 = Debug|Any CPU
		{5017B9C4-CF55-0F41-6734-3C413753B4C7}.Release|Any CPU.ActiveCfg = Release|Any CPU
		{5017B9C4-CF55-0F41-6734-3C413753B4C7}.Release|Any CPU.Build.0 = Release|Any CPU
		{DD438812-5328-92AB-8BAD-9867508E69BE}.Debug|Any CPU.ActiveCfg = Debug|Any CPU
		{DD438812-5328-92AB-8BAD-9867508E69BE}.Debug|Any CPU.Build.0 = Debug|Any CPU
		{DD438812-5328-92AB-8BAD-9867508E69BE}.Release|Any CPU.ActiveCfg = Release|Any CPU
		{DD438812-5328-92AB-8BAD-9867508E69BE}.Release|Any CPU.Build.0 = Release|Any CPU
		{7EB8E77A-955D-403C-E2AC-8D0008E5099C}.Debug|Any CPU.ActiveCfg = Debug|Any CPU
		{7EB8E77A-955D-403C-E2AC-8D0008E5099C}.Debug|Any CPU.Build.0 = Debug|Any CPU
		{7EB8E77A-955D-403C-E2AC-8D0008E5099C}.Release|Any CPU.ActiveCfg = Release|Any CPU
		{7EB8E77A-955D-403C-E2AC-8D0008E5099C}.Release|Any CPU.Build.0 = Release|Any CPU
		{12239859-39D3-E6A3-4212-D083382B1D4B}.Debug|Any CPU.ActiveCfg = Debug|Any CPU
		{12239859-39D3-E6A3-4212-D083382B1D4B}.Debug|Any CPU.Build.0 = Debug|Any CPU
		{12239859-39D3-E6A3-4212-D083382B1D4B}.Release|Any CPU.ActiveCfg = Release|Any CPU
		{12239859-39D3-E6A3-4212-D083382B1D4B}.Release|Any CPU.Build.0 = Release|Any CPU
		{2061DFAC-4D42-F7EA-BA4F-06CBA7BAFDEA}.Debug|Any CPU.ActiveCfg = Debug|Any CPU
		{2061DFAC-4D42-F7EA-BA4F-06CBA7BAFDEA}.Debug|Any CPU.Build.0 = Debug|Any CPU
		{2061DFAC-4D42-F7EA-BA4F-06CBA7BAFDEA}.Release|Any CPU.ActiveCfg = Release|Any CPU
		{2061DFAC-4D42-F7EA-BA4F-06CBA7BAFDEA}.Release|Any CPU.Build.0 = Release|Any CPU
		{10452C45-CC50-B375-4B29-0F7823B13878}.Debug|Any CPU.ActiveCfg = Debug|Any CPU
		{10452C45-CC50-B375-4B29-0F7823B13878}.Debug|Any CPU.Build.0 = Debug|Any CPU
		{10452C45-CC50-B375-4B29-0F7823B13878}.Release|Any CPU.ActiveCfg = Release|Any CPU
		{10452C45-CC50-B375-4B29-0F7823B13878}.Release|Any CPU.Build.0 = Release|Any CPU
		{AD5CD66D-3A6E-E236-D1BF-81DA3EDF81E2}.Debug|Any CPU.ActiveCfg = Debug|Any CPU
		{AD5CD66D-3A6E-E236-D1BF-81DA3EDF81E2}.Debug|Any CPU.Build.0 = Debug|Any CPU
		{AD5CD66D-3A6E-E236-D1BF-81DA3EDF81E2}.Release|Any CPU.ActiveCfg = Release|Any CPU
		{AD5CD66D-3A6E-E236-D1BF-81DA3EDF81E2}.Release|Any CPU.Build.0 = Release|Any CPU
		{0B754507-0AE5-8BF6-19C0-6042FB0CB5B4}.Debug|Any CPU.ActiveCfg = Debug|Any CPU
		{0B754507-0AE5-8BF6-19C0-6042FB0CB5B4}.Debug|Any CPU.Build.0 = Debug|Any CPU
		{0B754507-0AE5-8BF6-19C0-6042FB0CB5B4}.Release|Any CPU.ActiveCfg = Release|Any CPU
		{0B754507-0AE5-8BF6-19C0-6042FB0CB5B4}.Release|Any CPU.Build.0 = Release|Any CPU
		{9D4D3AC1-FEF0-2167-B0FF-D8CC7D923C2B}.Debug|Any CPU.ActiveCfg = Debug|Any CPU
		{9D4D3AC1-FEF0-2167-B0FF-D8CC7D923C2B}.Debug|Any CPU.Build.0 = Debug|Any CPU
		{9D4D3AC1-FEF0-2167-B0FF-D8CC7D923C2B}.Release|Any CPU.ActiveCfg = Release|Any CPU
		{9D4D3AC1-FEF0-2167-B0FF-D8CC7D923C2B}.Release|Any CPU.Build.0 = Release|Any CPU
		{6B3338F8-2F18-BFFD-5887-8420DEB26341}.Debug|Any CPU.ActiveCfg = Debug|Any CPU
		{6B3338F8-2F18-BFFD-5887-8420DEB26341}.Debug|Any CPU.Build.0 = Debug|Any CPU
		{6B3338F8-2F18-BFFD-5887-8420DEB26341}.Release|Any CPU.ActiveCfg = Release|Any CPU
		{6B3338F8-2F18-BFFD-5887-8420DEB26341}.Release|Any CPU.Build.0 = Release|Any CPU
		{1E876206-7B44-20A9-64FF-C680E35E287A}.Debug|Any CPU.ActiveCfg = Debug|Any CPU
		{1E876206-7B44-20A9-64FF-C680E35E287A}.Debug|Any CPU.Build.0 = Debug|Any CPU
		{1E876206-7B44-20A9-64FF-C680E35E287A}.Release|Any CPU.ActiveCfg = Release|Any CPU
		{1E876206-7B44-20A9-64FF-C680E35E287A}.Release|Any CPU.Build.0 = Release|Any CPU
		{D17EC8F2-F6F9-E80C-BFDA-ED0925EF5CAB}.Debug|Any CPU.ActiveCfg = Debug|Any CPU
		{D17EC8F2-F6F9-E80C-BFDA-ED0925EF5CAB}.Debug|Any CPU.Build.0 = Debug|Any CPU
		{D17EC8F2-F6F9-E80C-BFDA-ED0925EF5CAB}.Release|Any CPU.ActiveCfg = Release|Any CPU
		{D17EC8F2-F6F9-E80C-BFDA-ED0925EF5CAB}.Release|Any CPU.Build.0 = Release|Any CPU
		{2E932090-F7B0-1C66-7399-20F54561A7F9}.Debug|Any CPU.ActiveCfg = Debug|Any CPU
		{2E932090-F7B0-1C66-7399-20F54561A7F9}.Debug|Any CPU.Build.0 = Debug|Any CPU
		{2E932090-F7B0-1C66-7399-20F54561A7F9}.Release|Any CPU.ActiveCfg = Release|Any CPU
		{2E932090-F7B0-1C66-7399-20F54561A7F9}.Release|Any CPU.Build.0 = Release|Any CPU
		{47BF917E-D101-CF81-E7CB-EBABFC4126DE}.Debug|Any CPU.ActiveCfg = Debug|Any CPU
		{47BF917E-D101-CF81-E7CB-EBABFC4126DE}.Debug|Any CPU.Build.0 = Debug|Any CPU
		{47BF917E-D101-CF81-E7CB-EBABFC4126DE}.Release|Any CPU.ActiveCfg = Release|Any CPU
		{47BF917E-D101-CF81-E7CB-EBABFC4126DE}.Release|Any CPU.Build.0 = Release|Any CPU
		{E015CF27-7537-FBFC-FD30-ED86D96C0892}.Debug|Any CPU.ActiveCfg = Debug|Any CPU
		{E015CF27-7537-FBFC-FD30-ED86D96C0892}.Debug|Any CPU.Build.0 = Debug|Any CPU
		{E015CF27-7537-FBFC-FD30-ED86D96C0892}.Release|Any CPU.ActiveCfg = Release|Any CPU
		{E015CF27-7537-FBFC-FD30-ED86D96C0892}.Release|Any CPU.Build.0 = Release|Any CPU
		{AEED924D-6897-CB6B-1D46-4C078D719E85}.Debug|Any CPU.ActiveCfg = Debug|Any CPU
		{AEED924D-6897-CB6B-1D46-4C078D719E85}.Debug|Any CPU.Build.0 = Debug|Any CPU
		{AEED924D-6897-CB6B-1D46-4C078D719E85}.Release|Any CPU.ActiveCfg = Release|Any CPU
		{AEED924D-6897-CB6B-1D46-4C078D719E85}.Release|Any CPU.Build.0 = Release|Any CPU
		{5679214B-50F0-4975-EAFB-E45A7D074033}.Debug|Any CPU.ActiveCfg = Debug|Any CPU
		{5679214B-50F0-4975-EAFB-E45A7D074033}.Debug|Any CPU.Build.0 = Debug|Any CPU
		{5679214B-50F0-4975-EAFB-E45A7D074033}.Release|Any CPU.ActiveCfg = Release|Any CPU
		{5679214B-50F0-4975-EAFB-E45A7D074033}.Release|Any CPU.Build.0 = Release|Any CPU
		{B7ED5D6C-BB10-5F03-06B6-D46822404089}.Debug|Any CPU.ActiveCfg = Debug|Any CPU
		{B7ED5D6C-BB10-5F03-06B6-D46822404089}.Debug|Any CPU.Build.0 = Debug|Any CPU
		{B7ED5D6C-BB10-5F03-06B6-D46822404089}.Release|Any CPU.ActiveCfg = Release|Any CPU
		{B7ED5D6C-BB10-5F03-06B6-D46822404089}.Release|Any CPU.Build.0 = Release|Any CPU
		{0C7B243F-898E-E71A-122E-3A9491D3A612}.Debug|Any CPU.ActiveCfg = Debug|Any CPU
		{0C7B243F-898E-E71A-122E-3A9491D3A612}.Debug|Any CPU.Build.0 = Debug|Any CPU
		{0C7B243F-898E-E71A-122E-3A9491D3A612}.Release|Any CPU.ActiveCfg = Release|Any CPU
		{0C7B243F-898E-E71A-122E-3A9491D3A612}.Release|Any CPU.Build.0 = Release|Any CPU
		{588A7261-8607-FBA5-70FF-174B8211ECAF}.Debug|Any CPU.ActiveCfg = Debug|Any CPU
		{588A7261-8607-FBA5-70FF-174B8211ECAF}.Debug|Any CPU.Build.0 = Debug|Any CPU
		{588A7261-8607-FBA5-70FF-174B8211ECAF}.Release|Any CPU.ActiveCfg = Release|Any CPU
		{588A7261-8607-FBA5-70FF-174B8211ECAF}.Release|Any CPU.Build.0 = Release|Any CPU
		{BDB49512-D4D3-735A-AE89-825A80CDEE47}.Debug|Any CPU.ActiveCfg = Debug|Any CPU
		{BDB49512-D4D3-735A-AE89-825A80CDEE47}.Debug|Any CPU.Build.0 = Debug|Any CPU
		{BDB49512-D4D3-735A-AE89-825A80CDEE47}.Release|Any CPU.ActiveCfg = Release|Any CPU
		{BDB49512-D4D3-735A-AE89-825A80CDEE47}.Release|Any CPU.Build.0 = Release|Any CPU
		{8EC0AC30-BE2B-EB0B-4540-7D8FCB4C6816}.Debug|Any CPU.ActiveCfg = Debug|Any CPU
		{8EC0AC30-BE2B-EB0B-4540-7D8FCB4C6816}.Debug|Any CPU.Build.0 = Debug|Any CPU
		{8EC0AC30-BE2B-EB0B-4540-7D8FCB4C6816}.Release|Any CPU.ActiveCfg = Release|Any CPU
		{8EC0AC30-BE2B-EB0B-4540-7D8FCB4C6816}.Release|Any CPU.Build.0 = Release|Any CPU
		{898B1484-DFC2-F7E3-FA04-F64495E6EE40}.Debug|Any CPU.ActiveCfg = Debug|Any CPU
		{898B1484-DFC2-F7E3-FA04-F64495E6EE40}.Debug|Any CPU.Build.0 = Debug|Any CPU
		{898B1484-DFC2-F7E3-FA04-F64495E6EE40}.Release|Any CPU.ActiveCfg = Release|Any CPU
		{898B1484-DFC2-F7E3-FA04-F64495E6EE40}.Release|Any CPU.Build.0 = Release|Any CPU
	EndGlobalSection
	GlobalSection(SolutionProperties) = preSolution
		HideSolutionNode = FALSE
	EndGlobalSection
EndGlobal
